
Microsoft Visual Studio Solution File, Format Version 12.00
# Visual Studio Version 17
VisualStudioVersion = 17.5.33530.505
MinimumVisualStudioVersion = 10.0.40219.1
Project("{9A19103F-16F7-4668-BE54-9A1E7A4F7556}") = "Aiursoft.ClickhouseSdk", "src\Aiursoft.ClickhouseSdk\Aiursoft.ClickhouseSdk.csproj", "{EFD7AC5B-06B9-484A-8003-988295F95939}"
EndProject
Project("{9A19103F-16F7-4668-BE54-9A1E7A4F7556}") = "Aiursoft.ClickhouseSdk.Abstractions", "src\Aiursoft.ClickhouseSdk.Abstractions\Aiursoft.ClickhouseSdk.Abstractions.csproj", "{FC7DE990-CE4A-4494-95FB-A52862897772}"
EndProject
Project("{2150E333-8FDC-42A3-9474-1A3956D46DE8}") = "src", "src", "{FED8880C-E518-4019-93F9-24016B44C129}"
EndProject
Project("{2150E333-8FDC-42A3-9474-1A3956D46DE8}") = "tests", "tests", "{FF17F32E-9C05-43B5-80F0-2816B23809F4}"
EndProject
Project("{9A19103F-16F7-4668-BE54-9A1E7A4F7556}") = "Aiursoft.ClickhouseSdk.Tests", "tests\Aiursoft.ClickhouseSdk.Tests\Aiursoft.ClickhouseSdk.Tests.csproj", "{16331FDD-E34E-4F61-93DA-93713E3DB4FA}"
EndProject
Project("{2150E333-8FDC-42A3-9474-1A3956D46DE8}") = "demos", "demos", "{FA8A28C8-4B59-8028-2ACF-626D05B08DB7}"
EndProject
Project("{FAE04EC0-301F-11D3-BF4B-00C04F79EFBC}") = "Aiursoft.ClickhouseSample", "demos\Aiursoft.ClickhouseSample\Aiursoft.ClickhouseSample.csproj", "{AF4354A3-830B-41D2-9F29-138183651F3A}"
EndProject
Project("{FAE04EC0-301F-11D3-BF4B-00C04F79EFBC}") = "Aiursoft.ClickhouseLoggerProvider", "src\Aiursoft.ClickhouseLoggerProvider\Aiursoft.ClickhouseLoggerProvider.csproj", "{84FDE464-5BAD-46CD-9933-1551B9B953DF}"
EndProject
Global
	GlobalSection(SolutionConfigurationPlatforms) = preSolution
		Debug|Any CPU = Debug|Any CPU
		Debug|x64 = Debug|x64
		Debug|x86 = Debug|x86
		Release|Any CPU = Release|Any CPU
		Release|x64 = Release|x64
		Release|x86 = Release|x86
	EndGlobalSection
	GlobalSection(ProjectConfigurationPlatforms) = postSolution
		{EFD7AC5B-06B9-484A-8003-988295F95939}.Debug|Any CPU.ActiveCfg = Debug|Any CPU
		{EFD7AC5B-06B9-484A-8003-988295F95939}.Debug|Any CPU.Build.0 = Debug|Any CPU
		{EFD7AC5B-06B9-484A-8003-988295F95939}.Debug|x64.ActiveCfg = Debug|Any CPU
		{EFD7AC5B-06B9-484A-8003-988295F95939}.Debug|x64.Build.0 = Debug|Any CPU
		{EFD7AC5B-06B9-484A-8003-988295F95939}.Debug|x86.ActiveCfg = Debug|Any CPU
		{EFD7AC5B-06B9-484A-8003-988295F95939}.Debug|x86.Build.0 = Debug|Any CPU
		{EFD7AC5B-06B9-484A-8003-988295F95939}.Release|Any CPU.ActiveCfg = Release|Any CPU
		{EFD7AC5B-06B9-484A-8003-988295F95939}.Release|Any CPU.Build.0 = Release|Any CPU
		{EFD7AC5B-06B9-484A-8003-988295F95939}.Release|x64.ActiveCfg = Release|Any CPU
		{EFD7AC5B-06B9-484A-8003-988295F95939}.Release|x64.Build.0 = Release|Any CPU
		{EFD7AC5B-06B9-484A-8003-988295F95939}.Release|x86.ActiveCfg = Release|Any CPU
		{EFD7AC5B-06B9-484A-8003-988295F95939}.Release|x86.Build.0 = Release|Any CPU
		{FC7DE990-CE4A-4494-95FB-A52862897772}.Debug|Any CPU.ActiveCfg = Debug|Any CPU
		{FC7DE990-CE4A-4494-95FB-A52862897772}.Debug|Any CPU.Build.0 = Debug|Any CPU
		{FC7DE990-CE4A-4494-95FB-A52862897772}.Debug|x64.ActiveCfg = Debug|Any CPU
		{FC7DE990-CE4A-4494-95FB-A52862897772}.Debug|x64.Build.0 = Debug|Any CPU
		{FC7DE990-CE4A-4494-95FB-A52862897772}.Debug|x86.ActiveCfg = Debug|Any CPU
		{FC7DE990-CE4A-4494-95FB-A52862897772}.Debug|x86.Build.0 = Debug|Any CPU
		{FC7DE990-CE4A-4494-95FB-A52862897772}.Release|Any CPU.ActiveCfg = Release|Any CPU
		{FC7DE990-CE4A-4494-95FB-A52862897772}.Release|Any CPU.Build.0 = Release|Any CPU
		{FC7DE990-CE4A-4494-95FB-A52862897772}.Release|x64.ActiveCfg = Release|Any CPU
		{FC7DE990-CE4A-4494-95FB-A52862897772}.Release|x64.Build.0 = Release|Any CPU
		{FC7DE990-CE4A-4494-95FB-A52862897772}.Release|x86.ActiveCfg = Release|Any CPU
		{FC7DE990-CE4A-4494-95FB-A52862897772}.Release|x86.Build.0 = Release|Any CPU
		{16331FDD-E34E-4F61-93DA-93713E3DB4FA}.Debug|Any CPU.ActiveCfg = Debug|Any CPU
		{16331FDD-E34E-4F61-93DA-93713E3DB4FA}.Debug|Any CPU.Build.0 = Debug|Any CPU
		{16331FDD-E34E-4F61-93DA-93713E3DB4FA}.Debug|x64.ActiveCfg = Debug|Any CPU
		{16331FDD-E34E-4F61-93DA-93713E3DB4FA}.Debug|x64.Build.0 = Debug|Any CPU
		{16331FDD-E34E-4F61-93DA-93713E3DB4FA}.Debug|x86.ActiveCfg = Debug|Any CPU
		{16331FDD-E34E-4F61-93DA-93713E3DB4FA}.Debug|x86.Build.0 = Debug|Any CPU
		{16331FDD-E34E-4F61-93DA-93713E3DB4FA}.Release|Any CPU.ActiveCfg = Release|Any CPU
		{16331FDD-E34E-4F61-93DA-93713E3DB4FA}.Release|Any CPU.Build.0 = Release|Any CPU
		{16331FDD-E34E-4F61-93DA-93713E3DB4FA}.Release|x64.ActiveCfg = Release|Any CPU
		{16331FDD-E34E-4F61-93DA-93713E3DB4FA}.Release|x64.Build.0 = Release|Any CPU
		{16331FDD-E34E-4F61-93DA-93713E3DB4FA}.Release|x86.ActiveCfg = Release|Any CPU
		{16331FDD-E34E-4F61-93DA-93713E3DB4FA}.Release|x86.Build.0 = Release|Any CPU
		{AF4354A3-830B-41D2-9F29-138183651F3A}.Debug|Any CPU.ActiveCfg = Debug|Any CPU
		{AF4354A3-830B-41D2-9F29-138183651F3A}.Debug|Any CPU.Build.0 = Debug|Any CPU
		{AF4354A3-830B-41D2-9F29-138183651F3A}.Debug|x64.ActiveCfg = Debug|Any CPU
		{AF4354A3-830B-41D2-9F29-138183651F3A}.Debug|x64.Build.0 = Debug|Any CPU
		{AF4354A3-830B-41D2-9F29-138183651F3A}.Debug|x86.ActiveCfg = Debug|Any CPU
		{AF4354A3-830B-41D2-9F29-138183651F3A}.Debug|x86.Build.0 = Debug|Any CPU
		{AF4354A3-830B-41D2-9F29-138183651F3A}.Release|Any CPU.ActiveCfg = Release|Any CPU
		{AF4354A3-830B-41D2-9F29-138183651F3A}.Release|Any CPU.Build.0 = Release|Any CPU
		{AF4354A3-830B-41D2-9F29-138183651F3A}.Release|x64.ActiveCfg = Release|Any CPU
		{AF4354A3-830B-41D2-9F29-138183651F3A}.Release|x64.Build.0 = Release|Any CPU
		{AF4354A3-830B-41D2-9F29-138183651F3A}.Release|x86.ActiveCfg = Release|Any CPU
		{AF4354A3-830B-41D2-9F29-138183651F3A}.Release|x86.Build.0 = Release|Any CPU
		{84FDE464-5BAD-46CD-9933-1551B9B953DF}.Debug|Any CPU.ActiveCfg = Debug|Any CPU
		{84FDE464-5BAD-46CD-9933-1551B9B953DF}.Debug|Any CPU.Build.0 = Debug|Any CPU
		{84FDE464-5BAD-46CD-9933-1551B9B953DF}.Debug|x64.ActiveCfg = Debug|Any CPU
		{84FDE464-5BAD-46CD-9933-1551B9B953DF}.Debug|x64.Build.0 = Debug|Any CPU
		{84FDE464-5BAD-46CD-9933-1551B9B953DF}.Debug|x86.ActiveCfg = Debug|Any CPU
		{84FDE464-5BAD-46CD-9933-1551B9B953DF}.Debug|x86.Build.0 = Debug|Any CPU
		{84FDE464-5BAD-46CD-9933-1551B9B953DF}.Release|Any CPU.ActiveCfg = Release|Any CPU
		{84FDE464-5BAD-46CD-9933-1551B9B953DF}.Release|Any CPU.Build.0 = Release|Any CPU
		{84FDE464-5BAD-46CD-9933-1551B9B953DF}.Release|x64.ActiveCfg = Release|Any CPU
		{84FDE464-5BAD-46CD-9933-1551B9B953DF}.Release|x64.Build.0 = Release|Any CPU
		{84FDE464-5BAD-46CD-9933-1551B9B953DF}.Release|x86.ActiveCfg = Release|Any CPU
		{84FDE464-5BAD-46CD-9933-1551B9B953DF}.Release|x86.Build.0 = Release|Any CPU
	EndGlobalSection
	GlobalSection(SolutionProperties) = preSolution
		HideSolutionNode = FALSE
	EndGlobalSection
	GlobalSection(NestedProjects) = preSolution
		{EFD7AC5B-06B9-484A-8003-988295F95939} = {FED8880C-E518-4019-93F9-24016B44C129}
		{FC7DE990-CE4A-4494-95FB-A52862897772} = {FED8880C-E518-4019-93F9-24016B44C129}
		{16331FDD-E34E-4F61-93DA-93713E3DB4FA} = {FF17F32E-9C05-43B5-80F0-2816B23809F4}
		{AF4354A3-830B-41D2-9F29-138183651F3A} = {FA8A28C8-4B59-8028-2ACF-626D05B08DB7}
		{84FDE464-5BAD-46CD-9933-1551B9B953DF} = {FED8880C-E518-4019-93F9-24016B44C129}
	EndGlobalSection
	GlobalSection(ExtensibilityGlobals) = postSolution
		SolutionGuid = {513A31DD-B787-4011-981B-7D58182471F1}
	EndGlobalSection
EndGlobal
